// !$*UTF8*$!
{
	archiveVersion = 1;
	classes = {
	};
	objectVersion = 55;
	objects = {

/* Begin PBXBuildFile section */
		022A6D7CBB638051783336D6 /* libPods-NRBookUITests.a in Frameworks */ = {isa = PBXBuildFile; fileRef = 0338711ED17E6EB0884864D8 /* libPods-NRBookUITests.a */; };
		D171131126C6E5E100FBC134 /* NRBookCell.swift in Sources */ = {isa = PBXBuildFile; fileRef = D171131026C6E5E100FBC134 /* NRBookCell.swift */; };
		D171131326C6E80000FBC134 /* EmptyView.swift in Sources */ = {isa = PBXBuildFile; fileRef = D171131226C6E80000FBC134 /* EmptyView.swift */; };
		D171131526C6E8B400FBC134 /* NRReaderConfig.swift in Sources */ = {isa = PBXBuildFile; fileRef = D171131426C6E8B400FBC134 /* NRReaderConfig.swift */; };
		D1C4CFA726C5875300A0AAE8 /* AppDelegate.swift in Sources */ = {isa = PBXBuildFile; fileRef = D1C4CFA626C5875300A0AAE8 /* AppDelegate.swift */; };
		D1C4CFB026C5875500A0AAE8 /* Assets.xcassets in Resources */ = {isa = PBXBuildFile; fileRef = D1C4CFAF26C5875500A0AAE8 /* Assets.xcassets */; };
		D1C4CFB326C5875500A0AAE8 /* LaunchScreen.storyboard in Resources */ = {isa = PBXBuildFile; fileRef = D1C4CFB126C5875500A0AAE8 /* LaunchScreen.storyboard */; };
		D1C4CFBE26C5875500A0AAE8 /* NRBookTests.swift in Sources */ = {isa = PBXBuildFile; fileRef = D1C4CFBD26C5875500A0AAE8 /* NRBookTests.swift */; };
		D1C4CFC826C5875500A0AAE8 /* NRBookUITests.swift in Sources */ = {isa = PBXBuildFile; fileRef = D1C4CFC726C5875500A0AAE8 /* NRBookUITests.swift */; };
		D1C4CFDA26C58EE400A0AAE8 /* alice.epub in Resources */ = {isa = PBXBuildFile; fileRef = D1C4CFD726C58EE400A0AAE8 /* alice.epub */; };
		D1C4CFDB26C58EE400A0AAE8 /* chair.epub in Resources */ = {isa = PBXBuildFile; fileRef = D1C4CFD826C58EE400A0AAE8 /* chair.epub */; };
		D1C4CFE726C5913300A0AAE8 /* UIControl+Extensions.swift in Sources */ = {isa = PBXBuildFile; fileRef = D1C4CFE626C5913300A0AAE8 /* UIControl+Extensions.swift */; };
		D1C4CFE926C5916A00A0AAE8 /* UIColor+Extensions.swift in Sources */ = {isa = PBXBuildFile; fileRef = D1C4CFE826C5916A00A0AAE8 /* UIColor+Extensions.swift */; };
		D1C4CFEB26C5919D00A0AAE8 /* UIView+Extensions.swift in Sources */ = {isa = PBXBuildFile; fileRef = D1C4CFEA26C5919D00A0AAE8 /* UIView+Extensions.swift */; };
		D1C4CFED26C591C700A0AAE8 /* UIImage+Extensions.swift in Sources */ = {isa = PBXBuildFile; fileRef = D1C4CFEC26C591C700A0AAE8 /* UIImage+Extensions.swift */; };
		D1C4CFEF26C591F200A0AAE8 /* String+Extensions.swift in Sources */ = {isa = PBXBuildFile; fileRef = D1C4CFEE26C591F200A0AAE8 /* String+Extensions.swift */; };
		D1C4CFF126C5927400A0AAE8 /* NRLibraryVC.swift in Sources */ = {isa = PBXBuildFile; fileRef = D1C4CFF026C5927400A0AAE8 /* NRLibraryVC.swift */; };
		D1C4CFF426C5949300A0AAE8 /* Activity.swift in Sources */ = {isa = PBXBuildFile; fileRef = D1C4CFF326C5949300A0AAE8 /* Activity.swift */; };
		D1C4CFF626C594BA00A0AAE8 /* ActivityItemProvider.swift in Sources */ = {isa = PBXBuildFile; fileRef = D1C4CFF526C594BA00A0AAE8 /* ActivityItemProvider.swift */; };
		D1C4CFF826C594F700A0AAE8 /* NRBookFileManager.swift in Sources */ = {isa = PBXBuildFile; fileRef = D1C4CFF726C594F700A0AAE8 /* NRBookFileManager.swift */; };
		D1C4CFFA26C595DC00A0AAE8 /* NRUtilities.swift in Sources */ = {isa = PBXBuildFile; fileRef = D1C4CFF926C595DC00A0AAE8 /* NRUtilities.swift */; };
		D1C4D00826C5972500A0AAE8 /* FREpubParser.swift in Sources */ = {isa = PBXBuildFile; fileRef = D1C4CFFC26C5972500A0AAE8 /* FREpubParser.swift */; };
		D1C4D00926C5972500A0AAE8 /* FRParseError.swift in Sources */ = {isa = PBXBuildFile; fileRef = D1C4CFFD26C5972500A0AAE8 /* FRParseError.swift */; };
		D1C4D00A26C5972500A0AAE8 /* FRTocReference.swift in Sources */ = {isa = PBXBuildFile; fileRef = D1C4CFFE26C5972500A0AAE8 /* FRTocReference.swift */; };
		D1C4D00B26C5972500A0AAE8 /* FRStringExtension.swift in Sources */ = {isa = PBXBuildFile; fileRef = D1C4CFFF26C5972500A0AAE8 /* FRStringExtension.swift */; };
		D1C4D00C26C5972500A0AAE8 /* FRSpine.swift in Sources */ = {isa = PBXBuildFile; fileRef = D1C4D00026C5972500A0AAE8 /* FRSpine.swift */; };
		D1C4D00D26C5972500A0AAE8 /* FRBook.swift in Sources */ = {isa = PBXBuildFile; fileRef = D1C4D00126C5972500A0AAE8 /* FRBook.swift */; };
		D1C4D00E26C5972500A0AAE8 /* FRSmils.swift in Sources */ = {isa = PBXBuildFile; fileRef = D1C4D00226C5972500A0AAE8 /* FRSmils.swift */; };
		D1C4D00F26C5972500A0AAE8 /* FRResources.swift in Sources */ = {isa = PBXBuildFile; fileRef = D1C4D00326C5972500A0AAE8 /* FRResources.swift */; };
		D1C4D01026C5972500A0AAE8 /* FRResource.swift in Sources */ = {isa = PBXBuildFile; fileRef = D1C4D00426C5972500A0AAE8 /* FRResource.swift */; };
		D1C4D01126C5972500A0AAE8 /* FRMediaType.swift in Sources */ = {isa = PBXBuildFile; fileRef = D1C4D00526C5972500A0AAE8 /* FRMediaType.swift */; };
		D1C4D01226C5972500A0AAE8 /* FRSmilElement.swift in Sources */ = {isa = PBXBuildFile; fileRef = D1C4D00626C5972500A0AAE8 /* FRSmilElement.swift */; };
		D1C4D01326C5972500A0AAE8 /* FRMetadata.swift in Sources */ = {isa = PBXBuildFile; fileRef = D1C4D00726C5972500A0AAE8 /* FRMetadata.swift */; };
		D1C4D01526C597A300A0AAE8 /* NRDBManager.swift in Sources */ = {isa = PBXBuildFile; fileRef = D1C4D01426C597A300A0AAE8 /* NRDBManager.swift */; };
		D1C4D01726C5981400A0AAE8 /* NRLibraryManager.swift in Sources */ = {isa = PBXBuildFile; fileRef = D1C4D01626C5981400A0AAE8 /* NRLibraryManager.swift */; };
		D1C4D01926C5985300A0AAE8 /* NRBookModel.swift in Sources */ = {isa = PBXBuildFile; fileRef = D1C4D01826C5985300A0AAE8 /* NRBookModel.swift */; };
		D1EDE8B526C5A22900D86264 /* NRConstants.swift in Sources */ = {isa = PBXBuildFile; fileRef = D1EDE8B426C5A22900D86264 /* NRConstants.swift */; };
		D1EDE8B826C5A34100D86264 /* NRBaseVC.swift in Sources */ = {isa = PBXBuildFile; fileRef = D1EDE8B726C5A34100D86264 /* NRBaseVC.swift */; };
		D6270F83709FB5382135ED24 /* libPods-NRBookTests.a in Frameworks */ = {isa = PBXBuildFile; fileRef = 3028E039C2D5E9AB7D61B849 /* libPods-NRBookTests.a */; };
		E80FF4643683D7405126C4CD /* libPods-NRBook.a in Frameworks */ = {isa = PBXBuildFile; fileRef = 4A3EA84E64EAB88B56F83737 /* libPods-NRBook.a */; };
/* End PBXBuildFile section */

/* Begin PBXContainerItemProxy section */
		D1C4CFBA26C5875500A0AAE8 /* PBXContainerItemProxy */ = {
			isa = PBXContainerItemProxy;
			containerPortal = D1C4CF9B26C5875300A0AAE8 /* Project object */;
			proxyType = 1;
			remoteGlobalIDString = D1C4CFA226C5875300A0AAE8;
			remoteInfo = NRBook;
		};
		D1C4CFC426C5875500A0AAE8 /* PBXContainerItemProxy */ = {
			isa = PBXContainerItemProxy;
			containerPortal = D1C4CF9B26C5875300A0AAE8 /* Project object */;
			proxyType = 1;
			remoteGlobalIDString = D1C4CFA226C5875300A0AAE8;
			remoteInfo = NRBook;
		};
/* End PBXContainerItemProxy section */

/* Begin PBXFileReference section */
		0338711ED17E6EB0884864D8 /* libPods-NRBookUITests.a */ = {isa = PBXFileReference; explicitFileType = archive.ar; includeInIndex = 0; path = "libPods-NRBookUITests.a"; sourceTree = BUILT_PRODUCTS_DIR; };
		050C87B933D1510EE7FF6810 /* Pods-NRBookUITests.release.xcconfig */ = {isa = PBXFileReference; includeInIndex = 1; lastKnownFileType = text.xcconfig; name = "Pods-NRBookUITests.release.xcconfig"; path = "Pods/Target Support Files/Pods-NRBookUITests/Pods-NRBookUITests.release.xcconfig"; sourceTree = "<group>"; };
		2C50529079AD1D00A086093F /* Pods-NRBook.debug.xcconfig */ = {isa = PBXFileReference; includeInIndex = 1; lastKnownFileType = text.xcconfig; name = "Pods-NRBook.debug.xcconfig"; path = "Pods/Target Support Files/Pods-NRBook/Pods-NRBook.debug.xcconfig"; sourceTree = "<group>"; };
		3028E039C2D5E9AB7D61B849 /* libPods-NRBookTests.a */ = {isa = PBXFileReference; explicitFileType = archive.ar; includeInIndex = 0; path = "libPods-NRBookTests.a"; sourceTree = BUILT_PRODUCTS_DIR; };
		431B183EC800B6C5BB84716B /* Pods-NRBookTests.debug.xcconfig */ = {isa = PBXFileReference; includeInIndex = 1; lastKnownFileType = text.xcconfig; name = "Pods-NRBookTests.debug.xcconfig"; path = "Pods/Target Support Files/Pods-NRBookTests/Pods-NRBookTests.debug.xcconfig"; sourceTree = "<group>"; };
		4A3EA84E64EAB88B56F83737 /* libPods-NRBook.a */ = {isa = PBXFileReference; explicitFileType = archive.ar; includeInIndex = 0; path = "libPods-NRBook.a"; sourceTree = BUILT_PRODUCTS_DIR; };
		501E4BE70984D06472E89892 /* Pods-NRBookTests.release.xcconfig */ = {isa = PBXFileReference; includeInIndex = 1; lastKnownFileType = text.xcconfig; name = "Pods-NRBookTests.release.xcconfig"; path = "Pods/Target Support Files/Pods-NRBookTests/Pods-NRBookTests.release.xcconfig"; sourceTree = "<group>"; };
		A9E4B0C3AB5054F7FC42B7DC /* Pods-NRBookUITests.debug.xcconfig */ = {isa = PBXFileReference; includeInIndex = 1; lastKnownFileType = text.xcconfig; name = "Pods-NRBookUITests.debug.xcconfig"; path = "Pods/Target Support Files/Pods-NRBookUITests/Pods-NRBookUITests.debug.xcconfig"; sourceTree = "<group>"; };
		BA72934363BFF8268E76D293 /* Pods-NRBook.release.xcconfig */ = {isa = PBXFileReference; includeInIndex = 1; lastKnownFileType = text.xcconfig; name = "Pods-NRBook.release.xcconfig"; path = "Pods/Target Support Files/Pods-NRBook/Pods-NRBook.release.xcconfig"; sourceTree = "<group>"; };
		D171131026C6E5E100FBC134 /* NRBookCell.swift */ = {isa = PBXFileReference; lastKnownFileType = sourcecode.swift; path = NRBookCell.swift; sourceTree = "<group>"; };
		D171131226C6E80000FBC134 /* EmptyView.swift */ = {isa = PBXFileReference; lastKnownFileType = sourcecode.swift; path = EmptyView.swift; sourceTree = "<group>"; };
		D171131426C6E8B400FBC134 /* NRReaderConfig.swift */ = {isa = PBXFileReference; lastKnownFileType = sourcecode.swift; path = NRReaderConfig.swift; sourceTree = "<group>"; };
		D1C4CFA326C5875300A0AAE8 /* NRBook.app */ = {isa = PBXFileReference; explicitFileType = wrapper.application; includeInIndex = 0; path = NRBook.app; sourceTree = BUILT_PRODUCTS_DIR; };
		D1C4CFA626C5875300A0AAE8 /* AppDelegate.swift */ = {isa = PBXFileReference; lastKnownFileType = sourcecode.swift; path = AppDelegate.swift; sourceTree = "<group>"; };
		D1C4CFAF26C5875500A0AAE8 /* Assets.xcassets */ = {isa = PBXFileReference; lastKnownFileType = folder.assetcatalog; path = Assets.xcassets; sourceTree = "<group>"; };
		D1C4CFB226C5875500A0AAE8 /* Base */ = {isa = PBXFileReference; lastKnownFileType = file.storyboard; name = Base; path = Base.lproj/LaunchScreen.storyboard; sourceTree = "<group>"; };
		D1C4CFB426C5875500A0AAE8 /* Info.plist */ = {isa = PBXFileReference; lastKnownFileType = text.plist.xml; path = Info.plist; sourceTree = "<group>"; };
		D1C4CFB926C5875500A0AAE8 /* NRBookTests.xctest */ = {isa = PBXFileReference; explicitFileType = wrapper.cfbundle; includeInIndex = 0; path = NRBookTests.xctest; sourceTree = BUILT_PRODUCTS_DIR; };
		D1C4CFBD26C5875500A0AAE8 /* NRBookTests.swift */ = {isa = PBXFileReference; lastKnownFileType = sourcecode.swift; path = NRBookTests.swift; sourceTree = "<group>"; };
		D1C4CFC326C5875500A0AAE8 /* NRBookUITests.xctest */ = {isa = PBXFileReference; explicitFileType = wrapper.cfbundle; includeInIndex = 0; path = NRBookUITests.xctest; sourceTree = BUILT_PRODUCTS_DIR; };
		D1C4CFC726C5875500A0AAE8 /* NRBookUITests.swift */ = {isa = PBXFileReference; lastKnownFileType = sourcecode.swift; path = NRBookUITests.swift; sourceTree = "<group>"; };
		D1C4CFD726C58EE400A0AAE8 /* alice.epub */ = {isa = PBXFileReference; lastKnownFileType = file; path = alice.epub; sourceTree = "<group>"; };
		D1C4CFD826C58EE400A0AAE8 /* chair.epub */ = {isa = PBXFileReference; lastKnownFileType = file; path = chair.epub; sourceTree = "<group>"; };
		D1C4CFE626C5913300A0AAE8 /* UIControl+Extensions.swift */ = {isa = PBXFileReference; lastKnownFileType = sourcecode.swift; path = "UIControl+Extensions.swift"; sourceTree = "<group>"; };
		D1C4CFE826C5916A00A0AAE8 /* UIColor+Extensions.swift */ = {isa = PBXFileReference; lastKnownFileType = sourcecode.swift; path = "UIColor+Extensions.swift"; sourceTree = "<group>"; };
		D1C4CFEA26C5919D00A0AAE8 /* UIView+Extensions.swift */ = {isa = PBXFileReference; lastKnownFileType = sourcecode.swift; path = "UIView+Extensions.swift"; sourceTree = "<group>"; };
		D1C4CFEC26C591C700A0AAE8 /* UIImage+Extensions.swift */ = {isa = PBXFileReference; lastKnownFileType = sourcecode.swift; path = "UIImage+Extensions.swift"; sourceTree = "<group>"; };
		D1C4CFEE26C591F200A0AAE8 /* String+Extensions.swift */ = {isa = PBXFileReference; lastKnownFileType = sourcecode.swift; path = "String+Extensions.swift"; sourceTree = "<group>"; };
		D1C4CFF026C5927400A0AAE8 /* NRLibraryVC.swift */ = {isa = PBXFileReference; lastKnownFileType = sourcecode.swift; path = NRLibraryVC.swift; sourceTree = "<group>"; };
		D1C4CFF326C5949300A0AAE8 /* Activity.swift */ = {isa = PBXFileReference; lastKnownFileType = sourcecode.swift; path = Activity.swift; sourceTree = "<group>"; };
		D1C4CFF526C594BA00A0AAE8 /* ActivityItemProvider.swift */ = {isa = PBXFileReference; lastKnownFileType = sourcecode.swift; path = ActivityItemProvider.swift; sourceTree = "<group>"; };
		D1C4CFF726C594F700A0AAE8 /* NRBookFileManager.swift */ = {isa = PBXFileReference; lastKnownFileType = sourcecode.swift; path = NRBookFileManager.swift; sourceTree = "<group>"; };
		D1C4CFF926C595DC00A0AAE8 /* NRUtilities.swift */ = {isa = PBXFileReference; lastKnownFileType = sourcecode.swift; path = NRUtilities.swift; sourceTree = "<group>"; };
		D1C4CFFC26C5972500A0AAE8 /* FREpubParser.swift */ = {isa = PBXFileReference; fileEncoding = 4; lastKnownFileType = sourcecode.swift; path = FREpubParser.swift; sourceTree = "<group>"; };
		D1C4CFFD26C5972500A0AAE8 /* FRParseError.swift */ = {isa = PBXFileReference; fileEncoding = 4; lastKnownFileType = sourcecode.swift; path = FRParseError.swift; sourceTree = "<group>"; };
		D1C4CFFE26C5972500A0AAE8 /* FRTocReference.swift */ = {isa = PBXFileReference; fileEncoding = 4; lastKnownFileType = sourcecode.swift; path = FRTocReference.swift; sourceTree = "<group>"; };
		D1C4CFFF26C5972500A0AAE8 /* FRStringExtension.swift */ = {isa = PBXFileReference; fileEncoding = 4; lastKnownFileType = sourcecode.swift; path = FRStringExtension.swift; sourceTree = "<group>"; };
		D1C4D00026C5972500A0AAE8 /* FRSpine.swift */ = {isa = PBXFileReference; fileEncoding = 4; lastKnownFileType = sourcecode.swift; path = FRSpine.swift; sourceTree = "<group>"; };
		D1C4D00126C5972500A0AAE8 /* FRBook.swift */ = {isa = PBXFileReference; fileEncoding = 4; lastKnownFileType = sourcecode.swift; path = FRBook.swift; sourceTree = "<group>"; };
		D1C4D00226C5972500A0AAE8 /* FRSmils.swift */ = {isa = PBXFileReference; fileEncoding = 4; lastKnownFileType = sourcecode.swift; path = FRSmils.swift; sourceTree = "<group>"; };
		D1C4D00326C5972500A0AAE8 /* FRResources.swift */ = {isa = PBXFileReference; fileEncoding = 4; lastKnownFileType = sourcecode.swift; path = FRResources.swift; sourceTree = "<group>"; };
		D1C4D00426C5972500A0AAE8 /* FRResource.swift */ = {isa = PBXFileReference; fileEncoding = 4; lastKnownFileType = sourcecode.swift; path = FRResource.swift; sourceTree = "<group>"; };
		D1C4D00526C5972500A0AAE8 /* FRMediaType.swift */ = {isa = PBXFileReference; fileEncoding = 4; lastKnownFileType = sourcecode.swift; path = FRMediaType.swift; sourceTree = "<group>"; };
		D1C4D00626C5972500A0AAE8 /* FRSmilElement.swift */ = {isa = PBXFileReference; fileEncoding = 4; lastKnownFileType = sourcecode.swift; path = FRSmilElement.swift; sourceTree = "<group>"; };
		D1C4D00726C5972500A0AAE8 /* FRMetadata.swift */ = {isa = PBXFileReference; fileEncoding = 4; lastKnownFileType = sourcecode.swift; path = FRMetadata.swift; sourceTree = "<group>"; };
		D1C4D01426C597A300A0AAE8 /* NRDBManager.swift */ = {isa = PBXFileReference; lastKnownFileType = sourcecode.swift; path = NRDBManager.swift; sourceTree = "<group>"; };
		D1C4D01626C5981400A0AAE8 /* NRLibraryManager.swift */ = {isa = PBXFileReference; lastKnownFileType = sourcecode.swift; path = NRLibraryManager.swift; sourceTree = "<group>"; };
		D1C4D01826C5985300A0AAE8 /* NRBookModel.swift */ = {isa = PBXFileReference; lastKnownFileType = sourcecode.swift; path = NRBookModel.swift; sourceTree = "<group>"; };
		D1EDE8B426C5A22900D86264 /* NRConstants.swift */ = {isa = PBXFileReference; lastKnownFileType = sourcecode.swift; path = NRConstants.swift; sourceTree = "<group>"; };
		D1EDE8B726C5A34100D86264 /* NRBaseVC.swift */ = {isa = PBXFileReference; lastKnownFileType = sourcecode.swift; path = NRBaseVC.swift; sourceTree = "<group>"; };
/* End PBXFileReference section */

/* Begin PBXFrameworksBuildPhase section */
		D1C4CFA026C5875300A0AAE8 /* Frameworks */ = {
			isa = PBXFrameworksBuildPhase;
			buildActionMask = 2147483647;
			files = (
				E80FF4643683D7405126C4CD /* libPods-NRBook.a in Frameworks */,
			);
			runOnlyForDeploymentPostprocessing = 0;
		};
		D1C4CFB626C5875500A0AAE8 /* Frameworks */ = {
			isa = PBXFrameworksBuildPhase;
			buildActionMask = 2147483647;
			files = (
				D6270F83709FB5382135ED24 /* libPods-NRBookTests.a in Frameworks */,
			);
			runOnlyForDeploymentPostprocessing = 0;
		};
		D1C4CFC026C5875500A0AAE8 /* Frameworks */ = {
			isa = PBXFrameworksBuildPhase;
			buildActionMask = 2147483647;
			files = (
				022A6D7CBB638051783336D6 /* libPods-NRBookUITests.a in Frameworks */,
			);
			runOnlyForDeploymentPostprocessing = 0;
		};
/* End PBXFrameworksBuildPhase section */

/* Begin PBXGroup section */
		2E01C78D0D4E1AFC94F62ABA /* Frameworks */ = {
			isa = PBXGroup;
			children = (
				4A3EA84E64EAB88B56F83737 /* libPods-NRBook.a */,
				3028E039C2D5E9AB7D61B849 /* libPods-NRBookTests.a */,
				0338711ED17E6EB0884864D8 /* libPods-NRBookUITests.a */,
			);
			name = Frameworks;
			sourceTree = "<group>";
		};
		D1C4CF9A26C5875300A0AAE8 = {
			isa = PBXGroup;
			children = (
				D1C4CFA526C5875300A0AAE8 /* NRBook */,
				D1C4CFBC26C5875500A0AAE8 /* NRBookTests */,
				D1C4CFC626C5875500A0AAE8 /* NRBookUITests */,
				D1C4CFA426C5875300A0AAE8 /* Products */,
				D7D352DD19FCFE1629147D0D /* Pods */,
				2E01C78D0D4E1AFC94F62ABA /* Frameworks */,
			);
			sourceTree = "<group>";
		};
		D1C4CFA426C5875300A0AAE8 /* Products */ = {
			isa = PBXGroup;
			children = (
				D1C4CFA326C5875300A0AAE8 /* NRBook.app */,
				D1C4CFB926C5875500A0AAE8 /* NRBookTests.xctest */,
				D1C4CFC326C5875500A0AAE8 /* NRBookUITests.xctest */,
			);
			name = Products;
			sourceTree = "<group>";
		};
		D1C4CFA526C5875300A0AAE8 /* NRBook */ = {
			isa = PBXGroup;
			children = (
				D1C4CFDF26C58FF300A0AAE8 /* NRReader */,
				D1C4CFDE26C58FE800A0AAE8 /* Common */,
				D1C4CFDD26C58FDF00A0AAE8 /* Main */,
				D1C4CFD626C58EBB00A0AAE8 /* EpubSample */,
				D1C4CFD526C58DDE00A0AAE8 /* Resources */,
				D1C4CFD426C58DCB00A0AAE8 /* App */,
			);
			path = NRBook;
			sourceTree = "<group>";
		};
		D1C4CFBC26C5875500A0AAE8 /* NRBookTests */ = {
			isa = PBXGroup;
			children = (
				D1C4CFBD26C5875500A0AAE8 /* NRBookTests.swift */,
			);
			path = NRBookTests;
			sourceTree = "<group>";
		};
		D1C4CFC626C5875500A0AAE8 /* NRBookUITests */ = {
			isa = PBXGroup;
			children = (
				D1C4CFC726C5875500A0AAE8 /* NRBookUITests.swift */,
			);
			path = NRBookUITests;
			sourceTree = "<group>";
		};
		D1C4CFD426C58DCB00A0AAE8 /* App */ = {
			isa = PBXGroup;
			children = (
				D1C4CFB426C5875500A0AAE8 /* Info.plist */,
				D1C4CFA626C5875300A0AAE8 /* AppDelegate.swift */,
			);
			path = App;
			sourceTree = "<group>";
		};
		D1C4CFD526C58DDE00A0AAE8 /* Resources */ = {
			isa = PBXGroup;
			children = (
				D1C4CFB126C5875500A0AAE8 /* LaunchScreen.storyboard */,
				D1C4CFAF26C5875500A0AAE8 /* Assets.xcassets */,
			);
			path = Resources;
			sourceTree = "<group>";
		};
		D1C4CFD626C58EBB00A0AAE8 /* EpubSample */ = {
			isa = PBXGroup;
			children = (
				D1C4CFD726C58EE400A0AAE8 /* alice.epub */,
				D1C4CFD826C58EE400A0AAE8 /* chair.epub */,
			);
			path = EpubSample;
			sourceTree = "<group>";
		};
		D1C4CFDD26C58FDF00A0AAE8 /* Main */ = {
			isa = PBXGroup;
			children = (
				D1C4CFE026C5904E00A0AAE8 /* Library */,
			);
			path = Main;
			sourceTree = "<group>";
		};
		D1C4CFDE26C58FE800A0AAE8 /* Common */ = {
			isa = PBXGroup;
			children = (
				D1C4CFFB26C5972500A0AAE8 /* FREpubCore */,
				D1EDE8B626C5A32500D86264 /* View */,
				D1C4CFF226C5946800A0AAE8 /* Activity */,
				D1C4CFE526C5911A00A0AAE8 /* Extensions */,
				D1C4CFF726C594F700A0AAE8 /* NRBookFileManager.swift */,
				D1C4CFF926C595DC00A0AAE8 /* NRUtilities.swift */,
				D1C4D01426C597A300A0AAE8 /* NRDBManager.swift */,
				D1EDE8B426C5A22900D86264 /* NRConstants.swift */,
			);
			path = Common;
			sourceTree = "<group>";
		};
		D1C4CFDF26C58FF300A0AAE8 /* NRReader */ = {
			isa = PBXGroup;
			children = (
				D171131426C6E8B400FBC134 /* NRReaderConfig.swift */,
			);
			path = NRReader;
			sourceTree = "<group>";
		};
		D1C4CFE026C5904E00A0AAE8 /* Library */ = {
			isa = PBXGroup;
			children = (
				D1C4CFF026C5927400A0AAE8 /* NRLibraryVC.swift */,
				D1C4D01626C5981400A0AAE8 /* NRLibraryManager.swift */,
				D1C4D01826C5985300A0AAE8 /* NRBookModel.swift */,
				D171131026C6E5E100FBC134 /* NRBookCell.swift */,
			);
			path = Library;
			sourceTree = "<group>";
		};
		D1C4CFE526C5911A00A0AAE8 /* Extensions */ = {
			isa = PBXGroup;
			children = (
				D1C4CFE626C5913300A0AAE8 /* UIControl+Extensions.swift */,
				D1C4CFE826C5916A00A0AAE8 /* UIColor+Extensions.swift */,
				D1C4CFEA26C5919D00A0AAE8 /* UIView+Extensions.swift */,
				D1C4CFEC26C591C700A0AAE8 /* UIImage+Extensions.swift */,
				D1C4CFEE26C591F200A0AAE8 /* String+Extensions.swift */,
			);
			path = Extensions;
			sourceTree = "<group>";
		};
		D1C4CFF226C5946800A0AAE8 /* Activity */ = {
			isa = PBXGroup;
			children = (
				D1C4CFF326C5949300A0AAE8 /* Activity.swift */,
				D1C4CFF526C594BA00A0AAE8 /* ActivityItemProvider.swift */,
			);
			path = Activity;
			sourceTree = "<group>";
		};
		D1C4CFFB26C5972500A0AAE8 /* FREpubCore */ = {
			isa = PBXGroup;
			children = (
				D1C4CFFC26C5972500A0AAE8 /* FREpubParser.swift */,
				D1C4CFFD26C5972500A0AAE8 /* FRParseError.swift */,
				D1C4CFFE26C5972500A0AAE8 /* FRTocReference.swift */,
				D1C4CFFF26C5972500A0AAE8 /* FRStringExtension.swift */,
				D1C4D00026C5972500A0AAE8 /* FRSpine.swift */,
				D1C4D00126C5972500A0AAE8 /* FRBook.swift */,
				D1C4D00226C5972500A0AAE8 /* FRSmils.swift */,
				D1C4D00326C5972500A0AAE8 /* FRResources.swift */,
				D1C4D00426C5972500A0AAE8 /* FRResource.swift */,
				D1C4D00526C5972500A0AAE8 /* FRMediaType.swift */,
				D1C4D00626C5972500A0AAE8 /* FRSmilElement.swift */,
				D1C4D00726C5972500A0AAE8 /* FRMetadata.swift */,
			);
			path = FREpubCore;
			sourceTree = "<group>";
		};
		D1EDE8B626C5A32500D86264 /* View */ = {
			isa = PBXGroup;
			children = (
				D1EDE8B726C5A34100D86264 /* NRBaseVC.swift */,
				D171131226C6E80000FBC134 /* EmptyView.swift */,
			);
			path = View;
			sourceTree = "<group>";
		};
		D7D352DD19FCFE1629147D0D /* Pods */ = {
			isa = PBXGroup;
			children = (
				2C50529079AD1D00A086093F /* Pods-NRBook.debug.xcconfig */,
				BA72934363BFF8268E76D293 /* Pods-NRBook.release.xcconfig */,
				431B183EC800B6C5BB84716B /* Pods-NRBookTests.debug.xcconfig */,
				501E4BE70984D06472E89892 /* Pods-NRBookTests.release.xcconfig */,
				A9E4B0C3AB5054F7FC42B7DC /* Pods-NRBookUITests.debug.xcconfig */,
				050C87B933D1510EE7FF6810 /* Pods-NRBookUITests.release.xcconfig */,
			);
			name = Pods;
			sourceTree = "<group>";
		};
/* End PBXGroup section */

/* Begin PBXNativeTarget section */
		D1C4CFA226C5875300A0AAE8 /* NRBook */ = {
			isa = PBXNativeTarget;
			buildConfigurationList = D1C4CFCB26C5875500A0AAE8 /* Build configuration list for PBXNativeTarget "NRBook" */;
			buildPhases = (
				7C5A759AEC2DC1866E367593 /* [CP] Check Pods Manifest.lock */,
				D1C4CF9F26C5875300A0AAE8 /* Sources */,
				D1C4CFA026C5875300A0AAE8 /* Frameworks */,
				D1C4CFA126C5875300A0AAE8 /* Resources */,
				E65C42A8856A71E4046DB32D /* [CP] Copy Pods Resources */,
			);
			buildRules = (
			);
			dependencies = (
			);
			name = NRBook;
			productName = NRBook;
			productReference = D1C4CFA326C5875300A0AAE8 /* NRBook.app */;
			productType = "com.apple.product-type.application";
		};
		D1C4CFB826C5875500A0AAE8 /* NRBookTests */ = {
			isa = PBXNativeTarget;
			buildConfigurationList = D1C4CFCE26C5875500A0AAE8 /* Build configuration list for PBXNativeTarget "NRBookTests" */;
			buildPhases = (
				95094ADAFDE4FBD285B183B2 /* [CP] Check Pods Manifest.lock */,
				D1C4CFB526C5875500A0AAE8 /* Sources */,
				D1C4CFB626C5875500A0AAE8 /* Frameworks */,
				D1C4CFB726C5875500A0AAE8 /* Resources */,
			);
			buildRules = (
			);
			dependencies = (
				D1C4CFBB26C5875500A0AAE8 /* PBXTargetDependency */,
			);
			name = NRBookTests;
			productName = NRBookTests;
			productReference = D1C4CFB926C5875500A0AAE8 /* NRBookTests.xctest */;
			productType = "com.apple.product-type.bundle.unit-test";
		};
		D1C4CFC226C5875500A0AAE8 /* NRBookUITests */ = {
			isa = PBXNativeTarget;
			buildConfigurationList = D1C4CFD126C5875500A0AAE8 /* Build configuration list for PBXNativeTarget "NRBookUITests" */;
			buildPhases = (
				734822AECF18DA1C6A3FE186 /* [CP] Check Pods Manifest.lock */,
				D1C4CFBF26C5875500A0AAE8 /* Sources */,
				D1C4CFC026C5875500A0AAE8 /* Frameworks */,
				D1C4CFC126C5875500A0AAE8 /* Resources */,
			);
			buildRules = (
			);
			dependencies = (
				D1C4CFC526C5875500A0AAE8 /* PBXTargetDependency */,
			);
			name = NRBookUITests;
			productName = NRBookUITests;
			productReference = D1C4CFC326C5875500A0AAE8 /* NRBookUITests.xctest */;
			productType = "com.apple.product-type.bundle.ui-testing";
		};
/* End PBXNativeTarget section */

/* Begin PBXProject section */
		D1C4CF9B26C5875300A0AAE8 /* Project object */ = {
			isa = PBXProject;
			attributes = {
				BuildIndependentTargetsInParallel = 1;
				LastSwiftUpdateCheck = 1300;
				LastUpgradeCheck = 1300;
				ORGANIZATIONNAME = "november-rain";
				TargetAttributes = {
					D1C4CFA226C5875300A0AAE8 = {
						CreatedOnToolsVersion = 13.0;
					};
					D1C4CFB826C5875500A0AAE8 = {
						CreatedOnToolsVersion = 13.0;
						TestTargetID = D1C4CFA226C5875300A0AAE8;
					};
					D1C4CFC226C5875500A0AAE8 = {
						CreatedOnToolsVersion = 13.0;
						TestTargetID = D1C4CFA226C5875300A0AAE8;
					};
				};
			};
			buildConfigurationList = D1C4CF9E26C5875300A0AAE8 /* Build configuration list for PBXProject "NRBook" */;
			compatibilityVersion = "Xcode 13.0";
			developmentRegion = en;
			hasScannedForEncodings = 0;
			knownRegions = (
				en,
				Base,
			);
			mainGroup = D1C4CF9A26C5875300A0AAE8;
			productRefGroup = D1C4CFA426C5875300A0AAE8 /* Products */;
			projectDirPath = "";
			projectRoot = "";
			targets = (
				D1C4CFA226C5875300A0AAE8 /* NRBook */,
				D1C4CFB826C5875500A0AAE8 /* NRBookTests */,
				D1C4CFC226C5875500A0AAE8 /* NRBookUITests */,
			);
		};
/* End PBXProject section */

/* Begin PBXResourcesBuildPhase section */
		D1C4CFA126C5875300A0AAE8 /* Resources */ = {
			isa = PBXResourcesBuildPhase;
			buildActionMask = 2147483647;
			files = (
				D1C4CFDB26C58EE400A0AAE8 /* chair.epub in Resources */,
				D1C4CFB326C5875500A0AAE8 /* LaunchScreen.storyboard in Resources */,
				D1C4CFB026C5875500A0AAE8 /* Assets.xcassets in Resources */,
				D1C4CFDA26C58EE400A0AAE8 /* alice.epub in Resources */,
			);
			runOnlyForDeploymentPostprocessing = 0;
		};
		D1C4CFB726C5875500A0AAE8 /* Resources */ = {
			isa = PBXResourcesBuildPhase;
			buildActionMask = 2147483647;
			files = (
			);
			runOnlyForDeploymentPostprocessing = 0;
		};
		D1C4CFC126C5875500A0AAE8 /* Resources */ = {
			isa = PBXResourcesBuildPhase;
			buildActionMask = 2147483647;
			files = (
			);
			runOnlyForDeploymentPostprocessing = 0;
		};
/* End PBXResourcesBuildPhase section */

/* Begin PBXShellScriptBuildPhase section */
		734822AECF18DA1C6A3FE186 /* [CP] Check Pods Manifest.lock */ = {
			isa = PBXShellScriptBuildPhase;
			buildActionMask = 2147483647;
			files = (
			);
			inputFileListPaths = (
			);
			inputPaths = (
				"${PODS_PODFILE_DIR_PATH}/Podfile.lock",
				"${PODS_ROOT}/Manifest.lock",
			);
			name = "[CP] Check Pods Manifest.lock";
			outputFileListPaths = (
			);
			outputPaths = (
				"$(DERIVED_FILE_DIR)/Pods-NRBookUITests-checkManifestLockResult.txt",
			);
			runOnlyForDeploymentPostprocessing = 0;
			shellPath = /bin/sh;
			shellScript = "diff \"${PODS_PODFILE_DIR_PATH}/Podfile.lock\" \"${PODS_ROOT}/Manifest.lock\" > /dev/null\nif [ $? != 0 ] ; then\n    # print error to STDERR\n    echo \"error: The sandbox is not in sync with the Podfile.lock. Run 'pod install' or update your CocoaPods installation.\" >&2\n    exit 1\nfi\n# This output is used by Xcode 'outputs' to avoid re-running this script phase.\necho \"SUCCESS\" > \"${SCRIPT_OUTPUT_FILE_0}\"\n";
			showEnvVarsInLog = 0;
		};
		7C5A759AEC2DC1866E367593 /* [CP] Check Pods Manifest.lock */ = {
			isa = PBXShellScriptBuildPhase;
			buildActionMask = 2147483647;
			files = (
			);
			inputFileListPaths = (
			);
			inputPaths = (
				"${PODS_PODFILE_DIR_PATH}/Podfile.lock",
				"${PODS_ROOT}/Manifest.lock",
			);
			name = "[CP] Check Pods Manifest.lock";
			outputFileListPaths = (
			);
			outputPaths = (
				"$(DERIVED_FILE_DIR)/Pods-NRBook-checkManifestLockResult.txt",
			);
			runOnlyForDeploymentPostprocessing = 0;
			shellPath = /bin/sh;
			shellScript = "diff \"${PODS_PODFILE_DIR_PATH}/Podfile.lock\" \"${PODS_ROOT}/Manifest.lock\" > /dev/null\nif [ $? != 0 ] ; then\n    # print error to STDERR\n    echo \"error: The sandbox is not in sync with the Podfile.lock. Run 'pod install' or update your CocoaPods installation.\" >&2\n    exit 1\nfi\n# This output is used by Xcode 'outputs' to avoid re-running this script phase.\necho \"SUCCESS\" > \"${SCRIPT_OUTPUT_FILE_0}\"\n";
			showEnvVarsInLog = 0;
		};
		95094ADAFDE4FBD285B183B2 /* [CP] Check Pods Manifest.lock */ = {
			isa = PBXShellScriptBuildPhase;
			buildActionMask = 2147483647;
			files = (
			);
			inputFileListPaths = (
			);
			inputPaths = (
				"${PODS_PODFILE_DIR_PATH}/Podfile.lock",
				"${PODS_ROOT}/Manifest.lock",
			);
			name = "[CP] Check Pods Manifest.lock";
			outputFileListPaths = (
			);
			outputPaths = (
				"$(DERIVED_FILE_DIR)/Pods-NRBookTests-checkManifestLockResult.txt",
			);
			runOnlyForDeploymentPostprocessing = 0;
			shellPath = /bin/sh;
			shellScript = "diff \"${PODS_PODFILE_DIR_PATH}/Podfile.lock\" \"${PODS_ROOT}/Manifest.lock\" > /dev/null\nif [ $? != 0 ] ; then\n    # print error to STDERR\n    echo \"error: The sandbox is not in sync with the Podfile.lock. Run 'pod install' or update your CocoaPods installation.\" >&2\n    exit 1\nfi\n# This output is used by Xcode 'outputs' to avoid re-running this script phase.\necho \"SUCCESS\" > \"${SCRIPT_OUTPUT_FILE_0}\"\n";
			showEnvVarsInLog = 0;
		};
		E65C42A8856A71E4046DB32D /* [CP] Copy Pods Resources */ = {
			isa = PBXShellScriptBuildPhase;
			buildActionMask = 2147483647;
			files = (
			);
			inputFileListPaths = (
			);
			inputPaths = (
				"${SRCROOT}/Pods/Target Support Files/Pods-NRBook/Pods-NRBook-resources.sh",
				"${PODS_CONFIGURATION_BUILD_DIR}/DTCoreText/DTCoreText.bundle",
				"${PODS_CONFIGURATION_BUILD_DIR}/PKHUD/PKHUDResources.bundle",
			);
			name = "[CP] Copy Pods Resources";
			outputFileListPaths = (
			);
			outputPaths = (
				"${TARGET_BUILD_DIR}/${UNLOCALIZED_RESOURCES_FOLDER_PATH}/DTCoreText.bundle",
				"${TARGET_BUILD_DIR}/${UNLOCALIZED_RESOURCES_FOLDER_PATH}/PKHUDResources.bundle",
			);
			runOnlyForDeploymentPostprocessing = 0;
			shellPath = /bin/sh;
			shellScript = "\"${SRCROOT}/Pods/Target Support Files/Pods-NRBook/Pods-NRBook-resources.sh\"\n";
			showEnvVarsInLog = 0;
		};
/* End PBXShellScriptBuildPhase section */

/* Begin PBXSourcesBuildPhase section */
		D1C4CF9F26C5875300A0AAE8 /* Sources */ = {
			isa = PBXSourcesBuildPhase;
			buildActionMask = 2147483647;
			files = (
				D171131526C6E8B400FBC134 /* NRReaderConfig.swift in Sources */,
				D1C4D00A26C5972500A0AAE8 /* FRTocReference.swift in Sources */,
				D1C4CFE726C5913300A0AAE8 /* UIControl+Extensions.swift in Sources */,
				D1C4CFEF26C591F200A0AAE8 /* String+Extensions.swift in Sources */,
				D1C4D00D26C5972500A0AAE8 /* FRBook.swift in Sources */,
				D1C4D00E26C5972500A0AAE8 /* FRSmils.swift in Sources */,
				D1C4CFFA26C595DC00A0AAE8 /* NRUtilities.swift in Sources */,
				D1C4D01926C5985300A0AAE8 /* NRBookModel.swift in Sources */,
				D1C4CFEB26C5919D00A0AAE8 /* UIView+Extensions.swift in Sources */,
				D1C4CFED26C591C700A0AAE8 /* UIImage+Extensions.swift in Sources */,
				D1C4D01526C597A300A0AAE8 /* NRDBManager.swift in Sources */,
				D1C4D01326C5972500A0AAE8 /* FRMetadata.swift in Sources */,
				D1C4CFF826C594F700A0AAE8 /* NRBookFileManager.swift in Sources */,
				D1C4CFF126C5927400A0AAE8 /* NRLibraryVC.swift in Sources */,
				D1C4CFA726C5875300A0AAE8 /* AppDelegate.swift in Sources */,
				D1C4D01226C5972500A0AAE8 /* FRSmilElement.swift in Sources */,
				D1EDE8B526C5A22900D86264 /* NRConstants.swift in Sources */,
				D171131326C6E80000FBC134 /* EmptyView.swift in Sources */,
				D1C4D01026C5972500A0AAE8 /* FRResource.swift in Sources */,
				D1C4CFF626C594BA00A0AAE8 /* ActivityItemProvider.swift in Sources */,
				D1C4CFF426C5949300A0AAE8 /* Activity.swift in Sources */,
				D1C4D00B26C5972500A0AAE8 /* FRStringExtension.swift in Sources */,
				D1C4D00F26C5972500A0AAE8 /* FRResources.swift in Sources */,
				D1C4D00826C5972500A0AAE8 /* FREpubParser.swift in Sources */,
				D1C4D01726C5981400A0AAE8 /* NRLibraryManager.swift in Sources */,
				D1C4CFE926C5916A00A0AAE8 /* UIColor+Extensions.swift in Sources */,
				D171131126C6E5E100FBC134 /* NRBookCell.swift in Sources */,
				D1C4D00926C5972500A0AAE8 /* FRParseError.swift in Sources */,
				D1EDE8B826C5A34100D86264 /* NRBaseVC.swift in Sources */,
				D1C4D01126C5972500A0AAE8 /* FRMediaType.swift in Sources */,
				D1C4D00C26C5972500A0AAE8 /* FRSpine.swift in Sources */,
			);
			runOnlyForDeploymentPostprocessing = 0;
		};
		D1C4CFB526C5875500A0AAE8 /* Sources */ = {
			isa = PBXSourcesBuildPhase;
			buildActionMask = 2147483647;
			files = (
				D1C4CFBE26C5875500A0AAE8 /* NRBookTests.swift in Sources */,
			);
			runOnlyForDeploymentPostprocessing = 0;
		};
		D1C4CFBF26C5875500A0AAE8 /* Sources */ = {
			isa = PBXSourcesBuildPhase;
			buildActionMask = 2147483647;
			files = (
				D1C4CFC826C5875500A0AAE8 /* NRBookUITests.swift in Sources */,
			);
			runOnlyForDeploymentPostprocessing = 0;
		};
/* End PBXSourcesBuildPhase section */

/* Begin PBXTargetDependency section */
		D1C4CFBB26C5875500A0AAE8 /* PBXTargetDependency */ = {
			isa = PBXTargetDependency;
			target = D1C4CFA226C5875300A0AAE8 /* NRBook */;
			targetProxy = D1C4CFBA26C5875500A0AAE8 /* PBXContainerItemProxy */;
		};
		D1C4CFC526C5875500A0AAE8 /* PBXTargetDependency */ = {
			isa = PBXTargetDependency;
			target = D1C4CFA226C5875300A0AAE8 /* NRBook */;
			targetProxy = D1C4CFC426C5875500A0AAE8 /* PBXContainerItemProxy */;
		};
/* End PBXTargetDependency section */

/* Begin PBXVariantGroup section */
		D1C4CFB126C5875500A0AAE8 /* LaunchScreen.storyboard */ = {
			isa = PBXVariantGroup;
			children = (
				D1C4CFB226C5875500A0AAE8 /* Base */,
			);
			name = LaunchScreen.storyboard;
			sourceTree = "<group>";
		};
/* End PBXVariantGroup section */

/* Begin XCBuildConfiguration section */
		D1C4CFC926C5875500A0AAE8 /* Debug */ = {
			isa = XCBuildConfiguration;
			buildSettings = {
				ALWAYS_SEARCH_USER_PATHS = NO;
				CLANG_ANALYZER_NONNULL = YES;
				CLANG_ANALYZER_NUMBER_OBJECT_CONVERSION = YES_AGGRESSIVE;
				CLANG_CXX_LANGUAGE_STANDARD = "gnu++17";
				CLANG_CXX_LIBRARY = "libc++";
				CLANG_ENABLE_MODULES = YES;
				CLANG_ENABLE_OBJC_ARC = YES;
				CLANG_ENABLE_OBJC_WEAK = YES;
				CLANG_WARN_BLOCK_CAPTURE_AUTORELEASING = YES;
				CLANG_WARN_BOOL_CONVERSION = YES;
				CLANG_WARN_COMMA = YES;
				CLANG_WARN_CONSTANT_CONVERSION = YES;
				CLANG_WARN_DEPRECATED_OBJC_IMPLEMENTATIONS = YES;
				CLANG_WARN_DIRECT_OBJC_ISA_USAGE = YES_ERROR;
				CLANG_WARN_DOCUMENTATION_COMMENTS = YES;
				CLANG_WARN_EMPTY_BODY = YES;
				CLANG_WARN_ENUM_CONVERSION = YES;
				CLANG_WARN_INFINITE_RECURSION = YES;
				CLANG_WARN_INT_CONVERSION = YES;
				CLANG_WARN_NON_LITERAL_NULL_CONVERSION = YES;
				CLANG_WARN_OBJC_IMPLICIT_RETAIN_SELF = YES;
				CLANG_WARN_OBJC_LITERAL_CONVERSION = YES;
				CLANG_WARN_OBJC_ROOT_CLASS = YES_ERROR;
				CLANG_WARN_QUOTED_INCLUDE_IN_FRAMEWORK_HEADER = YES;
				CLANG_WARN_RANGE_LOOP_ANALYSIS = YES;
				CLANG_WARN_STRICT_PROTOTYPES = YES;
				CLANG_WARN_SUSPICIOUS_MOVE = YES;
				CLANG_WARN_UNGUARDED_AVAILABILITY = YES_AGGRESSIVE;
				CLANG_WARN_UNREACHABLE_CODE = YES;
				CLANG_WARN__DUPLICATE_METHOD_MATCH = YES;
				COPY_PHASE_STRIP = NO;
				DEBUG_INFORMATION_FORMAT = dwarf;
				ENABLE_STRICT_OBJC_MSGSEND = YES;
				ENABLE_TESTABILITY = YES;
				GCC_C_LANGUAGE_STANDARD = gnu11;
				GCC_DYNAMIC_NO_PIC = NO;
				GCC_NO_COMMON_BLOCKS = YES;
				GCC_OPTIMIZATION_LEVEL = 0;
				GCC_PREPROCESSOR_DEFINITIONS = (
					"DEBUG=1",
					"$(inherited)",
				);
				GCC_WARN_64_TO_32_BIT_CONVERSION = YES;
				GCC_WARN_ABOUT_RETURN_TYPE = YES_ERROR;
				GCC_WARN_UNDECLARED_SELECTOR = YES;
				GCC_WARN_UNINITIALIZED_AUTOS = YES_AGGRESSIVE;
				GCC_WARN_UNUSED_FUNCTION = YES;
				GCC_WARN_UNUSED_VARIABLE = YES;
				IPHONEOS_DEPLOYMENT_TARGET = 15.0;
				MTL_ENABLE_DEBUG_INFO = INCLUDE_SOURCE;
				MTL_FAST_MATH = YES;
				ONLY_ACTIVE_ARCH = YES;
				SDKROOT = iphoneos;
				SWIFT_ACTIVE_COMPILATION_CONDITIONS = DEBUG;
				SWIFT_OPTIMIZATION_LEVEL = "-Onone";
			};
			name = Debug;
		};
		D1C4CFCA26C5875500A0AAE8 /* Release */ = {
			isa = XCBuildConfiguration;
			buildSettings = {
				ALWAYS_SEARCH_USER_PATHS = NO;
				CLANG_ANALYZER_NONNULL = YES;
				CLANG_ANALYZER_NUMBER_OBJECT_CONVERSION = YES_AGGRESSIVE;
				CLANG_CXX_LANGUAGE_STANDARD = "gnu++17";
				CLANG_CXX_LIBRARY = "libc++";
				CLANG_ENABLE_MODULES = YES;
				CLANG_ENABLE_OBJC_ARC = YES;
				CLANG_ENABLE_OBJC_WEAK = YES;
				CLANG_WARN_BLOCK_CAPTURE_AUTORELEASING = YES;
				CLANG_WARN_BOOL_CONVERSION = YES;
				CLANG_WARN_COMMA = YES;
				CLANG_WARN_CONSTANT_CONVERSION = YES;
				CLANG_WARN_DEPRECATED_OBJC_IMPLEMENTATIONS = YES;
				CLANG_WARN_DIRECT_OBJC_ISA_USAGE = YES_ERROR;
				CLANG_WARN_DOCUMENTATION_COMMENTS = YES;
				CLANG_WARN_EMPTY_BODY = YES;
				CLANG_WARN_ENUM_CONVERSION = YES;
				CLANG_WARN_INFINITE_RECURSION = YES;
				CLANG_WARN_INT_CONVERSION = YES;
				CLANG_WARN_NON_LITERAL_NULL_CONVERSION = YES;
				CLANG_WARN_OBJC_IMPLICIT_RETAIN_SELF = YES;
				CLANG_WARN_OBJC_LITERAL_CONVERSION = YES;
				CLANG_WARN_OBJC_ROOT_CLASS = YES_ERROR;
				CLANG_WARN_QUOTED_INCLUDE_IN_FRAMEWORK_HEADER = YES;
				CLANG_WARN_RANGE_LOOP_ANALYSIS = YES;
				CLANG_WARN_STRICT_PROTOTYPES = YES;
				CLANG_WARN_SUSPICIOUS_MOVE = YES;
				CLANG_WARN_UNGUARDED_AVAILABILITY = YES_AGGRESSIVE;
				CLANG_WARN_UNREACHABLE_CODE = YES;
				CLANG_WARN__DUPLICATE_METHOD_MATCH = YES;
				COPY_PHASE_STRIP = NO;
				DEBUG_INFORMATION_FORMAT = "dwarf-with-dsym";
				ENABLE_NS_ASSERTIONS = NO;
				ENABLE_STRICT_OBJC_MSGSEND = YES;
				GCC_C_LANGUAGE_STANDARD = gnu11;
				GCC_NO_COMMON_BLOCKS = YES;
				GCC_WARN_64_TO_32_BIT_CONVERSION = YES;
				GCC_WARN_ABOUT_RETURN_TYPE = YES_ERROR;
				GCC_WARN_UNDECLARED_SELECTOR = YES;
				GCC_WARN_UNINITIALIZED_AUTOS = YES_AGGRESSIVE;
				GCC_WARN_UNUSED_FUNCTION = YES;
				GCC_WARN_UNUSED_VARIABLE = YES;
				IPHONEOS_DEPLOYMENT_TARGET = 15.0;
				MTL_ENABLE_DEBUG_INFO = NO;
				MTL_FAST_MATH = YES;
				SDKROOT = iphoneos;
				SWIFT_COMPILATION_MODE = wholemodule;
				SWIFT_OPTIMIZATION_LEVEL = "-O";
				VALIDATE_PRODUCT = YES;
			};
			name = Release;
		};
		D1C4CFCC26C5875500A0AAE8 /* Debug */ = {
			isa = XCBuildConfiguration;
			baseConfigurationReference = 2C50529079AD1D00A086093F /* Pods-NRBook.debug.xcconfig */;
			buildSettings = {
				ASSETCATALOG_COMPILER_APPICON_NAME = AppIcon;
				ASSETCATALOG_COMPILER_GLOBAL_ACCENT_COLOR_NAME = AccentColor;
				CODE_SIGN_STYLE = Automatic;
				CURRENT_PROJECT_VERSION = 1;
				DEVELOPMENT_TEAM = K6GZTHQ9Z5;
				GENERATE_INFOPLIST_FILE = YES;
				INFOPLIST_FILE = NRBook/App/Info.plist;
				INFOPLIST_KEY_UIApplicationSupportsIndirectInputEvents = YES;
				INFOPLIST_KEY_UILaunchStoryboardName = LaunchScreen;
				INFOPLIST_KEY_UISupportedInterfaceOrientations_iPad = "UIInterfaceOrientationPortrait UIInterfaceOrientationPortraitUpsideDown UIInterfaceOrientationLandscapeLeft UIInterfaceOrientationLandscapeRight";
				INFOPLIST_KEY_UISupportedInterfaceOrientations_iPhone = "UIInterfaceOrientationPortrait UIInterfaceOrientationLandscapeLeft UIInterfaceOrientationLandscapeRight";
				IPHONEOS_DEPLOYMENT_TARGET = 12.0;
				LD_RUNPATH_SEARCH_PATHS = (
					"$(inherited)",
					"@executable_path/Frameworks",
				);
				MARKETING_VERSION = 1.0;
				PRODUCT_BUNDLE_IDENTIFIER = co.vn.november.NRBook;
				PRODUCT_NAME = "$(TARGET_NAME)";
				SWIFT_EMIT_LOC_STRINGS = YES;
				SWIFT_VERSION = 5.0;
				TARGETED_DEVICE_FAMILY = "1,2";
			};
			name = Debug;
		};
		D1C4CFCD26C5875500A0AAE8 /* Release */ = {
			isa = XCBuildConfiguration;
			baseConfigurationReference = BA72934363BFF8268E76D293 /* Pods-NRBook.release.xcconfig */;
			buildSettings = {
				ASSETCATALOG_COMPILER_APPICON_NAME = AppIcon;
				ASSETCATALOG_COMPILER_GLOBAL_ACCENT_COLOR_NAME = AccentColor;
				CODE_SIGN_STYLE = Automatic;
				CURRENT_PROJECT_VERSION = 1;
				DEVELOPMENT_TEAM = K6GZTHQ9Z5;
				GENERATE_INFOPLIST_FILE = YES;
				INFOPLIST_FILE = NRBook/App/Info.plist;
				INFOPLIST_KEY_UIApplicationSupportsIndirectInputEvents = YES;
				INFOPLIST_KEY_UILaunchStoryboardName = LaunchScreen;
				INFOPLIST_KEY_UISupportedInterfaceOrientations_iPad = "UIInterfaceOrientationPortrait UIInterfaceOrientationPortraitUpsideDown UIInterfaceOrientationLandscapeLeft UIInterfaceOrientationLandscapeRight";
				INFOPLIST_KEY_UISupportedInterfaceOrientations_iPhone = "UIInterfaceOrientationPortrait UIInterfaceOrientationLandscapeLeft UIInterfaceOrientationLandscapeRight";
				IPHONEOS_DEPLOYMENT_TARGET = 12.0;
				LD_RUNPATH_SEARCH_PATHS = (
					"$(inherited)",
					"@executable_path/Frameworks",
				);
				MARKETING_VERSION = 1.0;
				PRODUCT_BUNDLE_IDENTIFIER = co.vn.november.NRBook;
				PRODUCT_NAME = "$(TARGET_NAME)";
				SWIFT_EMIT_LOC_STRINGS = YES;
				SWIFT_VERSION = 5.0;
				TARGETED_DEVICE_FAMILY = "1,2";
			};
			name = Release;
		};
		D1C4CFCF26C5875500A0AAE8 /* Debug */ = {
			isa = XCBuildConfiguration;
			baseConfigurationReference = 431B183EC800B6C5BB84716B /* Pods-NRBookTests.debug.xcconfig */;
			buildSettings = {
				ALWAYS_EMBED_SWIFT_STANDARD_LIBRARIES = YES;
				BUNDLE_LOADER = "$(TEST_HOST)";
				CODE_SIGN_STYLE = Automatic;
				CURRENT_PROJECT_VERSION = 1;
				DEVELOPMENT_TEAM = K6GZTHQ9Z5;
				GENERATE_INFOPLIST_FILE = YES;
				IPHONEOS_DEPLOYMENT_TARGET = 15.0;
				LD_RUNPATH_SEARCH_PATHS = (
					"$(inherited)",
					"@executable_path/Frameworks",
					"@loader_path/Frameworks",
				);
				MARKETING_VERSION = 1.0;
				PRODUCT_BUNDLE_IDENTIFIER = co.vn.november.NRBookTests;
				PRODUCT_NAME = "$(TARGET_NAME)";
				SWIFT_EMIT_LOC_STRINGS = NO;
				SWIFT_VERSION = 5.0;
				TARGETED_DEVICE_FAMILY = "1,2";
				TEST_HOST = "$(BUILT_PRODUCTS_DIR)/NRBook.app/NRBook";
			};
			name = Debug;
		};
		D1C4CFD026C5875500A0AAE8 /* Release */ = {
			isa = XCBuildConfiguration;
			baseConfigurationReference = 501E4BE70984D06472E89892 /* Pods-NRBookTests.release.xcconfig */;
			buildSettings = {
				ALWAYS_EMBED_SWIFT_STANDARD_LIBRARIES = YES;
				BUNDLE_LOADER = "$(TEST_HOST)";
				CODE_SIGN_STYLE = Automatic;
				CURRENT_PROJECT_VERSION = 1;
				DEVELOPMENT_TEAM = K6GZTHQ9Z5;
				GENERATE_INFOPLIST_FILE = YES;
				IPHONEOS_DEPLOYMENT_TARGET = 15.0;
				LD_RUNPATH_SEARCH_PATHS = (
					"$(inherited)",
					"@executable_path/Frameworks",
					"@loader_path/Frameworks",
				);
				MARKETING_VERSION = 1.0;
				PRODUCT_BUNDLE_IDENTIFIER = co.vn.november.NRBookTests;
				PRODUCT_NAME = "$(TARGET_NAME)";
				SWIFT_EMIT_LOC_STRINGS = NO;
				SWIFT_VERSION = 5.0;
				TARGETED_DEVICE_FAMILY = "1,2";
				TEST_HOST = "$(BUILT_PRODUCTS_DIR)/NRBook.app/NRBook";
			};
			name = Release;
		};
		D1C4CFD226C5875500A0AAE8 /* Debug */ = {
			isa = XCBuildConfiguration;
			baseConfigurationReference = A9E4B0C3AB5054F7FC42B7DC /* Pods-NRBookUITests.debug.xcconfig */;
			buildSettings = {
				ALWAYS_EMBED_SWIFT_STANDARD_LIBRARIES = YES;
				CODE_SIGN_STYLE = Automatic;
				CURRENT_PROJECT_VERSION = 1;
				DEVELOPMENT_TEAM = K6GZTHQ9Z5;
				GENERATE_INFOPLIST_FILE = YES;
				LD_RUNPATH_SEARCH_PATHS = (
					"$(inherited)",
					"@executable_path/Frameworks",
					"@loader_path/Frameworks",
				);
				MARKETING_VERSION = 1.0;
				PRODUCT_BUNDLE_IDENTIFIER = co.vn.november.NRBookUITests;
				PRODUCT_NAME = "$(TARGET_NAME)";
				SWIFT_EMIT_LOC_STRINGS = NO;
				SWIFT_VERSION = 5.0;
				TARGETED_DEVICE_FAMILY = "1,2";
				TEST_TARGET_NAME = NRBook;
			};
			name = Debug;
		};
		D1C4CFD326C5875500A0AAE8 /* Release */ = {
			isa = XCBuildConfiguration;
			baseConfigurationReference = 050C87B933D1510EE7FF6810 /* Pods-NRBookUITests.release.xcconfig */;
			buildSettings = {
				ALWAYS_EMBED_SWIFT_STANDARD_LIBRARIES = YES;
				CODE_SIGN_STYLE = Automatic;
				CURRENT_PROJECT_VERSION = 1;
				DEVELOPMENT_TEAM = K6GZTHQ9Z5;
				GENERATE_INFOPLIST_FILE = YES;
				LD_RUNPATH_SEARCH_PATHS = (
					"$(inherited)",
					"@executable_path/Frameworks",
					"@loader_path/Frameworks",
				);
				MARKETING_VERSION = 1.0;
				PRODUCT_BUNDLE_IDENTIFIER = co.vn.november.NRBookUITests;
				PRODUCT_NAME = "$(TARGET_NAME)";
				SWIFT_EMIT_LOC_STRINGS = NO;
				SWIFT_VERSION = 5.0;
				TARGETED_DEVICE_FAMILY = "1,2";
				TEST_TARGET_NAME = NRBook;
			};
			name = Release;
		};
/* End XCBuildConfiguration section */

/* Begin XCConfigurationList section */
		D1C4CF9E26C5875300A0AAE8 /* Build configuration list for PBXProject "NRBook" */ = {
			isa = XCConfigurationList;
			buildConfigurations = (
				D1C4CFC926C5875500A0AAE8 /* Debug */,
				D1C4CFCA26C5875500A0AAE8 /* Release */,
			);
			defaultConfigurationIsVisible = 0;
			defaultConfigurationName = Release;
		};
		D1C4CFCB26C5875500A0AAE8 /* Build configuration list for PBXNativeTarget "NRBook" */ = {
			isa = XCConfigurationList;
			buildConfigurations = (
				D1C4CFCC26C5875500A0AAE8 /* Debug */,
				D1C4CFCD26C5875500A0AAE8 /* Release */,
			);
			defaultConfigurationIsVisible = 0;
			defaultConfigurationName = Release;
		};
		D1C4CFCE26C5875500A0AAE8 /* Build configuration list for PBXNativeTarget "NRBookTests" */ = {
			isa = XCConfigurationList;
			buildConfigurations = (
				D1C4CFCF26C5875500A0AAE8 /* Debug */,
				D1C4CFD026C5875500A0AAE8 /* Release */,
			);
			defaultConfigurationIsVisible = 0;
			defaultConfigurationName = Release;
		};
		D1C4CFD126C5875500A0AAE8 /* Build configuration list for PBXNativeTarget "NRBookUITests" */ = {
			isa = XCConfigurationList;
			buildConfigurations = (
				D1C4CFD226C5875500A0AAE8 /* Debug */,
				D1C4CFD326C5875500A0AAE8 /* Release */,
			);
			defaultConfigurationIsVisible = 0;
			defaultConfigurationName = Release;
		};
/* End XCConfigurationList section */
	};
	rootObject = D1C4CF9B26C5875300A0AAE8 /* Project object */;
}
